# This file is automatically @generated by Cargo.
# It is not intended for manual editing.
# It is checked in and regenerated only by the T0 integration owner after a
# reviewed workspace-manifest handoff.
version = 4

[[package]]
name = "cbor4ii"
version = "1.2.2"
source = "registry+https://github.com/rust-lang/crates.io-index"
checksum = "faed1a83001dc2c9201451030cc317e35bef36c84d3781d7c5bb9f343c397da8"

[[package]]
name = "telegraph-protocol"
version = "0.1.0"
dependencies = [
 "cbor4ii",
]
